
Microsoft Visual Studio Solution File, Format Version 12.00
# Visual Studio Version 16
VisualStudioVersion = 16.0.30011.22
MinimumVisualStudioVersion = 10.0.40219.1
Project("{FAE04EC0-301F-11D3-BF4B-00C04F79EFBC}") = "977A", "977A\977A.csproj", "{F83A6430-A010-4DD3-A748-7C979F97E74A}"
EndProject
Global
	GlobalSection(SolutionConfigurationPlatforms) = preSolution
		Debug|Any CPU = Debug|Any CPU
		Release|Any CPU = Release|Any CPU
	EndGlobalSection
	GlobalSection(ProjectConfigurationPlatforms) = postSolution
		{F83A6430-A010-4DD3-A748-7C979F97E74A}.Debug|Any CPU.ActiveCfg = Debug|Any CPU
		{F83A6430-A010-4DD3-A748-7C979F97E74A}.Debug|Any CPU.Build.0 = Debug|Any CPU
		{F83A6430-A010-4DD3-A748-7C979F97E74A}.Release|Any CPU.ActiveCfg = Release|Any CPU
		{F83A6430-A010-4DD3-A748-7C979F97E74A}.Release|Any CPU.Build.0 = Release|Any CPU
	EndGlobalSection
	GlobalSection(SolutionProperties) = preSolution
		HideSolutionNode = FALSE
	EndGlobalSection
	GlobalSection(ExtensibilityGlobals) = postSolution
		SolutionGuid = {81783CD1-740D-4D7C-A029-06E1755A05A0}
	EndGlobalSection
EndGlobal
